{
  "name": "@sp-packages/hello-world",
  "version": "0.0.1",
  "lockfileVersion": 3,
  "requires": true,
  "packages": {
    "": {
      "name": "@sp-packages/hello-world",
      "version": "0.0.1",
      "license": "MIT",
      "bin": {
        "hello-world": "src/bin/index.js"
      },
      "funding": {
        "url": "https://github.com/sponsors/iamsenthilprabu"
      }
    }
  }
}
